{
  "name": "open-file-transfer-web",
  "version": "0.1.0",
  "lockfileVersion": 3,
  "requires": true,
  "packages": {
    "": {
      "name": "open-file-transfer-web",
      "version": "0.1.0",
      "devDependencies": {
        "qr-creator": "^1.0.0"
      }
    },
    "node_modules/qr-creator": {
      "version": "1.0.0",
      "resolved": "https://registry.npmjs.org/qr-creator/-/qr-creator-1.0.0.tgz",
      "integrity": "sha512-C0cqfbS1P5hfqN4NhsYsUXePlk9BO+a45bAQ3xLYjBL3bOIFzoVEjs79Fado9u9BPBD3buHi3+vY+C8tHh4qMQ==",
      "dev": true,
      "license": "MIT"
    }
  }
}
